
Microsoft Visual Studio Solution File, Format Version 12.00
# Visual Studio Version 17
VisualStudioVersion = 17.3.32922.545
MinimumVisualStudioVersion = 10.0.40219.1
Project("{FAE04EC0-301F-11D3-BF4B-00C04F79EFBC}") = "Influence", "Influence\Influence.csproj", "{63578056-0EE7-4844-B711-AE3BE5B457A0}"
EndProject
Global
	GlobalSection(SolutionConfigurationPlatforms) = preSolution
		Debug|Any CPU = Debug|Any CPU
		Release|Any CPU = Release|Any CPU
	EndGlobalSection
	GlobalSection(ProjectConfigurationPlatforms) = postSolution
		{63578056-0EE7-4844-B711-AE3BE5B457A0}.Debug|Any CPU.ActiveCfg = Debug|Any CPU
		{63578056-0EE7-4844-B711-AE3BE5B457A0}.Debug|Any CPU.Build.0 = Debug|Any CPU
		{63578056-0EE7-4844-B711-AE3BE5B457A0}.Release|Any CPU.ActiveCfg = Release|Any CPU
		{63578056-0EE7-4844-B711-AE3BE5B457A0}.Release|Any CPU.Build.0 = Release|Any CPU
	EndGlobalSection
	GlobalSection(SolutionProperties) = preSolution
		HideSolutionNode = FALSE
	EndGlobalSection
	GlobalSection(ExtensibilityGlobals) = postSolution
		SolutionGuid = {49A0F947-067D-4325-BC75-B2BF04471929}
	EndGlobalSection
EndGlobal
